# generated by rye
# use `rye lock` or `rye sync` to update this lockfile
#
# last locked with the following flags:
#   pre: false
#   features: []
#   all-features: false
#   with-sources: false
#   generate-hashes: false

-e file:.
annotated-types==0.7.0
    # via pydantic
exceptiongroup==1.2.1
    # via pytest
gitdb==4.0.11
    # via gitpython
gitpython==3.1.43
    # via haipera
iniconfig==2.0.0
    # via pytest
packaging==24.1
    # via pytest
platformdirs==4.2.2
    # via haipera
pluggy==1.5.0
    # via pytest
pydantic==2.7.4
    # via haipera
pydantic-core==2.18.4
    # via pydantic
pytest==8.2.2
smmap==5.0.1
    # via gitdb
tomli==2.0.1
    # via haipera
    # via pytest
tomli-w==1.0.0
    # via haipera
typing-extensions==4.12.2
    # via pydantic
    # via pydantic-core
