# generated by rye
# use `rye lock` or `rye sync` to update this lockfile
#
# last locked with the following flags:
#   pre: false
#   features: []
#   all-features: false
#   with-sources: false
#   generate-hashes: false

-e file:.
annotated-types==0.7.0
    # via pydantic
gitdb==4.0.11
    # via gitpython
gitpython==3.1.43
    # via haipera
platformdirs==4.2.2
    # via haipera
pydantic==2.7.4
    # via haipera
pydantic-core==2.18.4
    # via pydantic
smmap==5.0.1
    # via gitdb
subprocess-tee==0.4.2
    # via haipera
tomli==2.0.1
    # via haipera
tomli-w==1.0.0
    # via haipera
typing-extensions==4.12.2
    # via pydantic
    # via pydantic-core
